
Microsoft Visual Studio Solution File, Format Version 12.00
# Visual Studio 15
VisualStudioVersion = 15.0.28010.2036
MinimumVisualStudioVersion = 10.0.40219.1
Project("{8BC9CEB8-8B4A-11D0-8D11-00A0C91BC942}") = "FillColor", "FillColor\FillColor.vcxproj", "{00AAFFFF-8348-4815-AE20-D64306738622}"
EndProject
Global
	GlobalSection(SolutionConfigurationPlatforms) = preSolution
		Debug|x64 = Debug|x64
		Debug|x86 = Debug|x86
		Release|x64 = Release|x64
		Release|x86 = Release|x86
	EndGlobalSection
	GlobalSection(ProjectConfigurationPlatforms) = postSolution
		{00AAFFFF-8348-4815-AE20-D64306738622}.Debug|x64.ActiveCfg = Debug|x64
		{00AAFFFF-8348-4815-AE20-D64306738622}.Debug|x64.Build.0 = Debug|x64
		{00AAFFFF-8348-4815-AE20-D64306738622}.Debug|x86.ActiveCfg = Debug|Win32
		{00AAFFFF-8348-4815-AE20-D64306738622}.Debug|x86.Build.0 = Debug|Win32
		{00AAFFFF-8348-4815-AE20-D64306738622}.Release|x64.ActiveCfg = Release|x64
		{00AAFFFF-8348-4815-AE20-D64306738622}.Release|x64.Build.0 = Release|x64
		{00AAFFFF-8348-4815-AE20-D64306738622}.Release|x86.ActiveCfg = Release|Win32
		{00AAFFFF-8348-4815-AE20-D64306738622}.Release|x86.Build.0 = Release|Win32
	EndGlobalSection
	GlobalSection(SolutionProperties) = preSolution
		HideSolutionNode = FALSE
	EndGlobalSection
	GlobalSection(ExtensibilityGlobals) = postSolution
		SolutionGuid = {519B17FA-69F4-4E56-8EEF-9642CCB13373}
	EndGlobalSection
EndGlobal
